
Microsoft Visual Studio Solution File, Format Version 12.00
# Visual Studio Version 17
VisualStudioVersion = 17.14.36408.4 d17.14
MinimumVisualStudioVersion = 10.0.40219.1
Project("{FAE04EC0-301F-11D3-BF4B-00C04F79EFBC}") = "CookingRecipes", "CookingRecipes\CookingRecipes.csproj", "{706A28D2-82A2-4633-BBEA-608E7EFF6BB5}"
EndProject
Global
	GlobalSection(SolutionConfigurationPlatforms) = preSolution
		Debug|Any CPU = Debug|Any CPU
		Release|Any CPU = Release|Any CPU
	EndGlobalSection
	GlobalSection(ProjectConfigurationPlatforms) = postSolution
		{706A28D2-82A2-4633-BBEA-608E7EFF6BB5}.Debug|Any CPU.ActiveCfg = Debug|Any CPU
		{706A28D2-82A2-4633-BBEA-608E7EFF6BB5}.Debug|Any CPU.Build.0 = Debug|Any CPU
		{706A28D2-82A2-4633-BBEA-608E7EFF6BB5}.Release|Any CPU.ActiveCfg = Release|Any CPU
		{706A28D2-82A2-4633-BBEA-608E7EFF6BB5}.Release|Any CPU.Build.0 = Release|Any CPU
	EndGlobalSection
	GlobalSection(SolutionProperties) = preSolution
		HideSolutionNode = FALSE
	EndGlobalSection
	GlobalSection(ExtensibilityGlobals) = postSolution
		SolutionGuid = {BB66DA8A-C943-499C-AA74-8A3FCCE912AE}
	EndGlobalSection
EndGlobal
